
Microsoft Visual Studio Solution File, Format Version 12.00
# Visual Studio Version 17
VisualStudioVersion = 17.9.34728.123
MinimumVisualStudioVersion = 10.0.40219.1
Project("{9A19103F-16F7-4668-BE54-9A1E7A4F7556}") = "Neon Shadows", "Neon Shadows.csproj", "{CB9A1CC9-84A8-437F-B356-09002CE3C3E2}"
EndProject
Global
	GlobalSection(SolutionConfigurationPlatforms) = preSolution
		Debug|Any CPU = Debug|Any CPU
		ExportDebug|Any CPU = ExportDebug|Any CPU
		ExportRelease|Any CPU = ExportRelease|Any CPU
	EndGlobalSection
	GlobalSection(ProjectConfigurationPlatforms) = postSolution
		{CB9A1CC9-84A8-437F-B356-09002CE3C3E2}.Debug|Any CPU.ActiveCfg = Debug|Any CPU
		{CB9A1CC9-84A8-437F-B356-09002CE3C3E2}.Debug|Any CPU.Build.0 = Debug|Any CPU
		{CB9A1CC9-84A8-437F-B356-09002CE3C3E2}.ExportDebug|Any CPU.ActiveCfg = ExportDebug|Any CPU
		{CB9A1CC9-84A8-437F-B356-09002CE3C3E2}.ExportDebug|Any CPU.Build.0 = ExportDebug|Any CPU
		{CB9A1CC9-84A8-437F-B356-09002CE3C3E2}.ExportRelease|Any CPU.ActiveCfg = ExportRelease|Any CPU
		{CB9A1CC9-84A8-437F-B356-09002CE3C3E2}.ExportRelease|Any CPU.Build.0 = ExportRelease|Any CPU
	EndGlobalSection
	GlobalSection(SolutionProperties) = preSolution
		HideSolutionNode = FALSE
	EndGlobalSection
EndGlobal
